// !$*UTF8*$!
{
	archiveVersion = 1;
	classes = {
	};
	objectVersion = 46;
	objects = {

/* Begin PBXBuildFile section */
		030B441718D4003300E53338 /* Foundation.framework in Frameworks */ = {isa = PBXBuildFile; fileRef = 030B441618D4003300E53338 /* Foundation.framework */; };
		030B441918D4003300E53338 /* CoreGraphics.framework in Frameworks */ = {isa = PBXBuildFile; fileRef = 030B441818D4003300E53338 /* CoreGraphics.framework */; };
		030B441B18D4003300E53338 /* UIKit.framework in Frameworks */ = {isa = PBXBuildFile; fileRef = 030B441A18D4003300E53338 /* UIKit.framework */; };
		030B442118D4003300E53338 /* InfoPlist.strings in Resources */ = {isa = PBXBuildFile; fileRef = 030B441F18D4003300E53338 /* InfoPlist.strings */; };
		030B442318D4003300E53338 /* main.m in Sources */ = {isa = PBXBuildFile; fileRef = 030B442218D4003300E53338 /* main.m */; };
		030B442718D4003300E53338 /* TFAppDelegate.m in Sources */ = {isa = PBXBuildFile; fileRef = 030B442618D4003300E53338 /* TFAppDelegate.m */; };
		030B442A18D4003300E53338 /* Main_iPhone.storyboard in Resources */ = {isa = PBXBuildFile; fileRef = 030B442818D4003300E53338 /* Main_iPhone.storyboard */; };
		030B442D18D4003300E53338 /* Main_iPad.storyboard in Resources */ = {isa = PBXBuildFile; fileRef = 030B442B18D4003300E53338 /* Main_iPad.storyboard */; };
		030B443018D4003300E53338 /* TFViewController.m in Sources */ = {isa = PBXBuildFile; fileRef = 030B442F18D4003300E53338 /* TFViewController.m */; };
		030B443218D4003300E53338 /* Images.xcassets in Resources */ = {isa = PBXBuildFile; fileRef = 030B443118D4003300E53338 /* Images.xcassets */; };
		030B443918D4003300E53338 /* XCTest.framework in Frameworks */ = {isa = PBXBuildFile; fileRef = 030B443818D4003300E53338 /* XCTest.framework */; };
		030B443A18D4003300E53338 /* Foundation.framework in Frameworks */ = {isa = PBXBuildFile; fileRef = 030B441618D4003300E53338 /* Foundation.framework */; };
		030B443B18D4003300E53338 /* UIKit.framework in Frameworks */ = {isa = PBXBuildFile; fileRef = 030B441A18D4003300E53338 /* UIKit.framework */; };
		030B444318D4003300E53338 /* InfoPlist.strings in Resources */ = {isa = PBXBuildFile; fileRef = 030B444118D4003300E53338 /* InfoPlist.strings */; };
		030B444518D4003300E53338 /* _048Tests.m in Sources */ = {isa = PBXBuildFile; fileRef = 030B444418D4003300E53338 /* _048Tests.m */; };
/* End PBXBuildFile section */

/* Begin PBXContainerItemProxy section */
		030B443C18D4003300E53338 /* PBXContainerItemProxy */ = {
			isa = PBXContainerItemProxy;
			containerPortal = 030B440B18D4003300E53338 /* Project object */;
			proxyType = 1;
			remoteGlobalIDString = 030B441218D4003300E53338;
			remoteInfo = 2048;
		};
/* End PBXContainerItemProxy section */

/* Begin PBXFileReference section */
		030B441318D4003300E53338 /* 2048.app */ = {isa = PBXFileReference; explicitFileType = wrapper.application; includeInIndex = 0; path = 2048.app; sourceTree = BUILT_PRODUCTS_DIR; };
		030B441618D4003300E53338 /* Foundation.framework */ = {isa = PBXFileReference; lastKnownFileType = wrapper.framework; name = Foundation.framework; path = System/Library/Frameworks/Foundation.framework; sourceTree = SDKROOT; };
		030B441818D4003300E53338 /* CoreGraphics.framework */ = {isa = PBXFileReference; lastKnownFileType = wrapper.framework; name = CoreGraphics.framework; path = System/Library/Frameworks/CoreGraphics.framework; sourceTree = SDKROOT; };
		030B441A18D4003300E53338 /* UIKit.framework */ = {isa = PBXFileReference; lastKnownFileType = wrapper.framework; name = UIKit.framework; path = System/Library/Frameworks/UIKit.framework; sourceTree = SDKROOT; };
		030B441E18D4003300E53338 /* 2048-Info.plist */ = {isa = PBXFileReference; lastKnownFileType = text.plist.xml; path = "2048-Info.plist"; sourceTree = "<group>"; };
		030B442018D4003300E53338 /* en */ = {isa = PBXFileReference; lastKnownFileType = text.plist.strings; name = en; path = en.lproj/InfoPlist.strings; sourceTree = "<group>"; };
		030B442218D4003300E53338 /* main.m */ = {isa = PBXFileReference; lastKnownFileType = sourcecode.c.objc; path = main.m; sourceTree = "<group>"; };
		030B442418D4003300E53338 /* 2048-Prefix.pch */ = {isa = PBXFileReference; lastKnownFileType = sourcecode.c.h; path = "2048-Prefix.pch"; sourceTree = "<group>"; };
		030B442518D4003300E53338 /* TFAppDelegate.h */ = {isa = PBXFileReference; lastKnownFileType = sourcecode.c.h; path = TFAppDelegate.h; sourceTree = "<group>"; };
		030B442618D4003300E53338 /* TFAppDelegate.m */ = {isa = PBXFileReference; lastKnownFileType = sourcecode.c.objc; path = TFAppDelegate.m; sourceTree = "<group>"; };
		030B442918D4003300E53338 /* Base */ = {isa = PBXFileReference; lastKnownFileType = file.storyboard; name = Base; path = Base.lproj/Main_iPhone.storyboard; sourceTree = "<group>"; };
		030B442C18D4003300E53338 /* Base */ = {isa = PBXFileReference; lastKnownFileType = file.storyboard; name = Base; path = Base.lproj/Main_iPad.storyboard; sourceTree = "<group>"; };
		030B442E18D4003300E53338 /* TFViewController.h */ = {isa = PBXFileReference; lastKnownFileType = sourcecode.c.h; path = TFViewController.h; sourceTree = "<group>"; };
		030B442F18D4003300E53338 /* TFViewController.m */ = {isa = PBXFileReference; lastKnownFileType = sourcecode.c.objc; path = TFViewController.m; sourceTree = "<group>"; };
		030B443118D4003300E53338 /* Images.xcassets */ = {isa = PBXFileReference; lastKnownFileType = folder.assetcatalog; path = Images.xcassets; sourceTree = "<group>"; };
		030B443718D4003300E53338 /* 2048Tests.xctest */ = {isa = PBXFileReference; explicitFileType = wrapper.cfbundle; includeInIndex = 0; path = 2048Tests.xctest; sourceTree = BUILT_PRODUCTS_DIR; };
		030B443818D4003300E53338 /* XCTest.framework */ = {isa = PBXFileReference; lastKnownFileType = wrapper.framework; name = XCTest.framework; path = Library/Frameworks/XCTest.framework; sourceTree = DEVELOPER_DIR; };
		030B444018D4003300E53338 /* 2048Tests-Info.plist */ = {isa = PBXFileReference; lastKnownFileType = text.plist.xml; path = "2048Tests-Info.plist"; sourceTree = "<group>"; };
		030B444218D4003300E53338 /* en */ = {isa = PBXFileReference; lastKnownFileType = text.plist.strings; name = en; path = en.lproj/InfoPlist.strings; sourceTree = "<group>"; };
		030B444418D4003300E53338 /* _048Tests.m */ = {isa = PBXFileReference; lastKnownFileType = sourcecode.c.objc; path = _048Tests.m; sourceTree = "<group>"; };
/* End PBXFileReference section */

/* Begin PBXFrameworksBuildPhase section */
		030B441018D4003300E53338 /* Frameworks */ = {
			isa = PBXFrameworksBuildPhase;
			buildActionMask = 2147483647;
			files = (
				030B441918D4003300E53338 /* CoreGraphics.framework in Frameworks */,
				030B441B18D4003300E53338 /* UIKit.framework in Frameworks */,
				030B441718D4003300E53338 /* Foundation.framework in Frameworks */,
			);
			runOnlyForDeploymentPostprocessing = 0;
		};
		030B443418D4003300E53338 /* Frameworks */ = {
			isa = PBXFrameworksBuildPhase;
			buildActionMask = 2147483647;
			files = (
				030B443918D4003300E53338 /* XCTest.framework in Frameworks */,
				030B443B18D4003300E53338 /* UIKit.framework in Frameworks */,
				030B443A18D4003300E53338 /* Foundation.framework in Frameworks */,
			);
			runOnlyForDeploymentPostprocessing = 0;
		};
/* End PBXFrameworksBuildPhase section */

/* Begin PBXGroup section */
		030B440A18D4003300E53338 = {
			isa = PBXGroup;
			children = (
				030B441C18D4003300E53338 /* 2048 */,
				030B443E18D4003300E53338 /* 2048Tests */,
				030B441518D4003300E53338 /* Frameworks */,
				030B441418D4003300E53338 /* Products */,
			);
			sourceTree = "<group>";
		};
		030B441418D4003300E53338 /* Products */ = {
			isa = PBXGroup;
			children = (
				030B441318D4003300E53338 /* 2048.app */,
				030B443718D4003300E53338 /* 2048Tests.xctest */,
			);
			name = Products;
			sourceTree = "<group>";
		};
		030B441518D4003300E53338 /* Frameworks */ = {
			isa = PBXGroup;
			children = (
				030B441618D4003300E53338 /* Foundation.framework */,
				030B441818D4003300E53338 /* CoreGraphics.framework */,
				030B441A18D4003300E53338 /* UIKit.framework */,
				030B443818D4003300E53338 /* XCTest.framework */,
			);
			name = Frameworks;
			sourceTree = "<group>";
		};
		030B441C18D4003300E53338 /* 2048 */ = {
			isa = PBXGroup;
			children = (
				030B442518D4003300E53338 /* TFAppDelegate.h */,
				030B442618D4003300E53338 /* TFAppDelegate.m */,
				030B442818D4003300E53338 /* Main_iPhone.storyboard */,
				030B442B18D4003300E53338 /* Main_iPad.storyboard */,
				030B442E18D4003300E53338 /* TFViewController.h */,
				030B442F18D4003300E53338 /* TFViewController.m */,
				030B443118D4003300E53338 /* Images.xcassets */,
				030B441D18D4003300E53338 /* Supporting Files */,
			);
			path = 2048;
			sourceTree = "<group>";
		};
		030B441D18D4003300E53338 /* Supporting Files */ = {
			isa = PBXGroup;
			children = (
				030B441E18D4003300E53338 /* 2048-Info.plist */,
				030B441F18D4003300E53338 /* InfoPlist.strings */,
				030B442218D4003300E53338 /* main.m */,
				030B442418D4003300E53338 /* 2048-Prefix.pch */,
			);
			name = "Supporting Files";
			sourceTree = "<group>";
		};
		030B443E18D4003300E53338 /* 2048Tests */ = {
			isa = PBXGroup;
			children = (
				030B444418D4003300E53338 /* _048Tests.m */,
				030B443F18D4003300E53338 /* Supporting Files */,
			);
			path = 2048Tests;
			sourceTree = "<group>";
		};
		030B443F18D4003300E53338 /* Supporting Files */ = {
			isa = PBXGroup;
			children = (
				030B444018D4003300E53338 /* 2048Tests-Info.plist */,
				030B444118D4003300E53338 /* InfoPlist.strings */,
			);
			name = "Supporting Files";
			sourceTree = "<group>";
		};
/* End PBXGroup section */

/* Begin PBXNativeTarget section */
		030B441218D4003300E53338 /* 2048 */ = {
			isa = PBXNativeTarget;
			buildConfigurationList = 030B444818D4003300E53338 /* Build configuration list for PBXNativeTarget "2048" */;
			buildPhases = (
				030B440F18D4003300E53338 /* Sources */,
				030B441018D4003300E53338 /* Frameworks */,
				030B441118D4003300E53338 /* Resources */,
			);
			buildRules = (
			);
			dependencies = (
			);
			name = 2048;
			productName = 2048;
			productReference = 030B441318D4003300E53338 /* 2048.app */;
			productType = "com.apple.product-type.application";
		};
		030B443618D4003300E53338 /* 2048Tests */ = {
			isa = PBXNativeTarget;
			buildConfigurationList = 030B444B18D4003300E53338 /* Build configuration list for PBXNativeTarget "2048Tests" */;
			buildPhases = (
				030B443318D4003300E53338 /* Sources */,
				030B443418D4003300E53338 /* Frameworks */,
				030B443518D4003300E53338 /* Resources */,
			);
			buildRules = (
			);
			dependencies = (
				030B443D18D4003300E53338 /* PBXTargetDependency */,
			);
			name = 2048Tests;
			productName = 2048Tests;
			productReference = 030B443718D4003300E53338 /* 2048Tests.xctest */;
			productType = "com.apple.product-type.bundle.unit-test";
		};
/* End PBXNativeTarget section */

/* Begin PBXProject section */
		030B440B18D4003300E53338 /* Project object */ = {
			isa = PBXProject;
			attributes = {
				CLASSPREFIX = TF;
				LastUpgradeCheck = 0510;
				ORGANIZATIONNAME = Facebook;
				TargetAttributes = {
					030B443618D4003300E53338 = {
						TestTargetID = 030B441218D4003300E53338;
					};
				};
			};
			buildConfigurationList = 030B440E18D4003300E53338 /* Build configuration list for PBXProject "2048" */;
			compatibilityVersion = "Xcode 3.2";
			developmentRegion = English;
			hasScannedForEncodings = 0;
			knownRegions = (
				en,
				Base,
			);
			mainGroup = 030B440A18D4003300E53338;
			productRefGroup = 030B441418D4003300E53338 /* Products */;
			projectDirPath = "";
			projectRoot = "";
			targets = (
				030B441218D4003300E53338 /* 2048 */,
				030B443618D4003300E53338 /* 2048Tests */,
			);
		};
/* End PBXProject section */

/* Begin PBXResourcesBuildPhase section */
		030B441118D4003300E53338 /* Resources */ = {
			isa = PBXResourcesBuildPhase;
			buildActionMask = 2147483647;
			files = (
				030B442D18D4003300E53338 /* Main_iPad.storyboard in Resources */,
				030B443218D4003300E53338 /* Images.xcassets in Resources */,
				030B442A18D4003300E53338 /* Main_iPhone.storyboard in Resources */,
				030B442118D4003300E53338 /* InfoPlist.strings in Resources */,
			);
			runOnlyForDeploymentPostprocessing = 0;
		};
		030B443518D4003300E53338 /* Resources */ = {
			isa = PBXResourcesBuildPhase;
			buildActionMask = 2147483647;
			files = (
				030B444318D4003300E53338 /* InfoPlist.strings in Resources */,
			);
			runOnlyForDeploymentPostprocessing = 0;
		};
/* End PBXResourcesBuildPhase section */

/* Begin PBXSourcesBuildPhase section */
		030B440F18D4003300E53338 /* Sources */ = {
			isa = PBXSourcesBuildPhase;
			buildActionMask = 2147483647;
			files = (
				030B443018D4003300E53338 /* TFViewController.m in Sources */,
				030B442718D4003300E53338 /* TFAppDelegate.m in Sources */,
				030B442318D4003300E53338 /* main.m in Sources */,
			);
			runOnlyForDeploymentPostprocessing = 0;
		};
		030B443318D4003300E53338 /* Sources */ = {
			isa = PBXSourcesBuildPhase;
			buildActionMask = 2147483647;
			files = (
				030B444518D4003300E53338 /* _048Tests.m in Sources */,
			);
			runOnlyForDeploymentPostprocessing = 0;
		};
/* End PBXSourcesBuildPhase section */

/* Begin PBXTargetDependency section */
		030B443D18D4003300E53338 /* PBXTargetDependency */ = {
			isa = PBXTargetDependency;
			target = 030B441218D4003300E53338 /* 2048 */;
			targetProxy = 030B443C18D4003300E53338 /* PBXContainerItemProxy */;
		};
/* End PBXTargetDependency section */

/* Begin PBXVariantGroup section */
		030B441F18D4003300E53338 /* InfoPlist.strings */ = {
			isa = PBXVariantGroup;
			children = (
				030B442018D4003300E53338 /* en */,
			);
			name = InfoPlist.strings;
			sourceTree = "<group>";
		};
		030B442818D4003300E53338 /* Main_iPhone.storyboard */ = {
			isa = PBXVariantGroup;
			children = (
				030B442918D4003300E53338 /* Base */,
			);
			name = Main_iPhone.storyboard;
			sourceTree = "<group>";
		};
		030B442B18D4003300E53338 /* Main_iPad.storyboard */ = {
			isa = PBXVariantGroup;
			children = (
				030B442C18D4003300E53338 /* Base */,
			);
			name = Main_iPad.storyboard;
			sourceTree = "<group>";
		};
		030B444118D4003300E53338 /* InfoPlist.strings */ = {
			isa = PBXVariantGroup;
			children = (
				030B444218D4003300E53338 /* en */,
			);
			name = InfoPlist.strings;
			sourceTree = "<group>";
		};
/* End PBXVariantGroup section */

/* Begin XCBuildConfiguration section */
		030B444618D4003300E53338 /* Debug */ = {
			isa = XCBuildConfiguration;
			buildSettings = {
				ALWAYS_SEARCH_USER_PATHS = NO;
				CLANG_CXX_LANGUAGE_STANDARD = "gnu++0x";
				CLANG_CXX_LIBRARY = "libc++";
				CLANG_ENABLE_MODULES = YES;
				CLANG_ENABLE_OBJC_ARC = YES;
				CLANG_WARN_BOOL_CONVERSION = YES;
				CLANG_WARN_CONSTANT_CONVERSION = YES;
				CLANG_WARN_DIRECT_OBJC_ISA_USAGE = YES_ERROR;
				CLANG_WARN_EMPTY_BODY = YES;
				CLANG_WARN_ENUM_CONVERSION = YES;
				CLANG_WARN_INT_CONVERSION = YES;
				CLANG_WARN_OBJC_ROOT_CLASS = YES_ERROR;
				CLANG_WARN__DUPLICATE_METHOD_MATCH = YES;
				"CODE_SIGN_IDENTITY[sdk=iphoneos*]" = "iPhone Developer";
				COPY_PHASE_STRIP = NO;
				GCC_C_LANGUAGE_STANDARD = gnu99;
				GCC_DYNAMIC_NO_PIC = NO;
				GCC_OPTIMIZATION_LEVEL = 0;
				GCC_PREPROCESSOR_DEFINITIONS = (
					"DEBUG=1",
					"$(inherited)",
				);
				GCC_SYMBOLS_PRIVATE_EXTERN = NO;
				GCC_WARN_64_TO_32_BIT_CONVERSION = YES;
				GCC_WARN_ABOUT_RETURN_TYPE = YES_ERROR;
				GCC_WARN_UNDECLARED_SELECTOR = YES;
				GCC_WARN_UNINITIALIZED_AUTOS = YES_AGGRESSIVE;
				GCC_WARN_UNUSED_FUNCTION = YES;
				GCC_WARN_UNUSED_VARIABLE = YES;
				IPHONEOS_DEPLOYMENT_TARGET = 7.1;
				ONLY_ACTIVE_ARCH = YES;
				SDKROOT = iphoneos;
				TARGETED_DEVICE_FAMILY = "1,2";
			};
			name = Debug;
		};
		030B444718D4003300E53338 /* Release */ = {
			isa = XCBuildConfiguration;
			buildSettings = {
				ALWAYS_SEARCH_USER_PATHS = NO;
				CLANG_CXX_LANGUAGE_STANDARD = "gnu++0x";
				CLANG_CXX_LIBRARY = "libc++";
				CLANG_ENABLE_MODULES = YES;
				CLANG_ENABLE_OBJC_ARC = YES;
				CLANG_WARN_BOOL_CONVERSION = YES;
				CLANG_WARN_CONSTANT_CONVERSION = YES;
				CLANG_WARN_DIRECT_OBJC_ISA_USAGE = YES_ERROR;
				CLANG_WARN_EMPTY_BODY = YES;
				CLANG_WARN_ENUM_CONVERSION = YES;
				CLANG_WARN_INT_CONVERSION = YES;
				CLANG_WARN_OBJC_ROOT_CLASS = YES_ERROR;
				CLANG_WARN__DUPLICATE_METHOD_MATCH = YES;
				"CODE_SIGN_IDENTITY[sdk=iphoneos*]" = "iPhone Developer";
				COPY_PHASE_STRIP = YES;
				ENABLE_NS_ASSERTIONS = NO;
				GCC_C_LANGUAGE_STANDARD = gnu99;
				GCC_WARN_64_TO_32_BIT_CONVERSION = YES;
				GCC_WARN_ABOUT_RETURN_TYPE = YES_ERROR;
				GCC_WARN_UNDECLARED_SELECTOR = YES;
				GCC_WARN_UNINITIALIZED_AUTOS = YES_AGGRESSIVE;
				GCC_WARN_UNUSED_FUNCTION = YES;
				GCC_WARN_UNUSED_VARIABLE = YES;
				IPHONEOS_DEPLOYMENT_TARGET = 7.1;
				SDKROOT = iphoneos;
				TARGETED_DEVICE_FAMILY = "1,2";
				VALIDATE_PRODUCT = YES;
			};
			name = Release;
		};
		030B444918D4003300E53338 /* Debug */ = {
			isa = XCBuildConfiguration;
			buildSettings = {
				ASSETCATALOG_COMPILER_APPICON_NAME = AppIcon;
				ASSETCATALOG_COMPILER_LAUNCHIMAGE_NAME = LaunchImage;
				GCC_PRECOMPILE_PREFIX_HEADER = YES;
				GCC_PREFIX_HEADER = "2048/2048-Prefix.pch";
				INFOPLIST_FILE = "2048/2048-Info.plist";
				PRODUCT_NAME = "$(TARGET_NAME)";
				WRAPPER_EXTENSION = app;
			};
			name = Debug;
		};
		030B444A18D4003300E53338 /* Release */ = {
			isa = XCBuildConfiguration;
			buildSettings = {
				ASSETCATALOG_COMPILER_APPICON_NAME = AppIcon;
				ASSETCATALOG_COMPILER_LAUNCHIMAGE_NAME = LaunchImage;
				GCC_PRECOMPILE_PREFIX_HEADER = YES;
				GCC_PREFIX_HEADER = "2048/2048-Prefix.pch";
				INFOPLIST_FILE = "2048/2048-Info.plist";
				PRODUCT_NAME = "$(TARGET_NAME)";
				WRAPPER_EXTENSION = app;
			};
			name = Release;
		};
		030B444C18D4003300E53338 /* Debug */ = {
			isa = XCBuildConfiguration;
			buildSettings = {
				BUNDLE_LOADER = "$(BUILT_PRODUCTS_DIR)/2048.app/2048";
				FRAMEWORK_SEARCH_PATHS = (
					"$(SDKROOT)/Developer/Library/Frameworks",
					"$(inherited)",
					"$(DEVELOPER_FRAMEWORKS_DIR)",
				);
				GCC_PRECOMPILE_PREFIX_HEADER = YES;
				GCC_PREFIX_HEADER = "2048/2048-Prefix.pch";
				GCC_PREPROCESSOR_DEFINITIONS = (
					"DEBUG=1",
					"$(inherited)",
				);
				INFOPLIST_FILE = "2048Tests/2048Tests-Info.plist";
				PRODUCT_NAME = "$(TARGET_NAME)";
				TEST_HOST = "$(BUNDLE_LOADER)";
				WRAPPER_EXTENSION = xctest;
			};
			name = Debug;
		};
		030B444D18D4003300E53338 /* Release */ = {
			isa = XCBuildConfiguration;
			buildSettings = {
				BUNDLE_LOADER = "$(BUILT_PRODUCTS_DIR)/2048.app/2048";
				FRAMEWORK_SEARCH_PATHS = (
					"$(SDKROOT)/Developer/Library/Frameworks",
					"$(inherited)",
					"$(DEVELOPER_FRAMEWORKS_DIR)",
				);
				GCC_PRECOMPILE_PREFIX_HEADER = YES;
				GCC_PREFIX_HEADER = "2048/2048-Prefix.pch";
				INFOPLIST_FILE = "2048Tests/2048Tests-Info.plist";
				PRODUCT_NAME = "$(TARGET_NAME)";
				TEST_HOST = "$(BUNDLE_LOADER)";
				WRAPPER_EXTENSION = xctest;
			};
			name = Release;
		};
/* End XCBuildConfiguration section */

/* Begin XCConfigurationList section */
		030B440E18D4003300E53338 /* Build configuration list for PBXProject "2048" */ = {
			isa = XCConfigurationList;
			buildConfigurations = (
				030B444618D4003300E53338 /* Debug */,
				030B444718D4003300E53338 /* Release */,
			);
			defaultConfigurationIsVisible = 0;
			defaultConfigurationName = Release;
		};
		030B444818D4003300E53338 /* Build configuration list for PBXNativeTarget "2048" */ = {
			isa = XCConfigurationList;
			buildConfigurations = (
				030B444918D4003300E53338 /* Debug */,
				030B444A18D4003300E53338 /* Release */,
			);
			defaultConfigurationIsVisible = 0;
		};
		030B444B18D4003300E53338 /* Build configuration list for PBXNativeTarget "2048Tests" */ = {
			isa = XCConfigurationList;
			buildConfigurations = (
				030B444C18D4003300E53338 /* Debug */,
				030B444D18D4003300E53338 /* Release */,
			);
			defaultConfigurationIsVisible = 0;
		};
/* End XCConfigurationList section */
	};
	rootObject = 030B440B18D4003300E53338 /* Project object */;
}
